
Microsoft Visual Studio Solution File, Format Version 12.00
# Visual Studio Version 17
VisualStudioVersion = 17.10.34916.146
MinimumVisualStudioVersion = 10.0.40219.1
Project("{8BC9CEB8-8B4A-11D0-8D11-00A0C91BC942}") = "SBTree", "SBTree.vcxproj", "{EAC4EB99-48E7-401B-BDEC-56131BE15B05}"
EndProject
Global
	GlobalSection(SolutionConfigurationPlatforms) = preSolution
		Debug|x64 = Debug|x64
		Debug|x86 = Debug|x86
		Release|x64 = Release|x64
		Release|x86 = Release|x86
	EndGlobalSection
	GlobalSection(ProjectConfigurationPlatforms) = postSolution
		{EAC4EB99-48E7-401B-BDEC-56131BE15B05}.Debug|x64.ActiveCfg = Debug|x64
		{EAC4EB99-48E7-401B-BDEC-56131BE15B05}.Debug|x64.Build.0 = Debug|x64
		{EAC4EB99-48E7-401B-BDEC-56131BE15B05}.Debug|x86.ActiveCfg = Debug|Win32
		{EAC4EB99-48E7-401B-BDEC-56131BE15B05}.Debug|x86.Build.0 = Debug|Win32
		{EAC4EB99-48E7-401B-BDEC-56131BE15B05}.Release|x64.ActiveCfg = Release|x64
		{EAC4EB99-48E7-401B-BDEC-56131BE15B05}.Release|x64.Build.0 = Release|x64
		{EAC4EB99-48E7-401B-BDEC-56131BE15B05}.Release|x86.ActiveCfg = Release|Win32
		{EAC4EB99-48E7-401B-BDEC-56131BE15B05}.Release|x86.Build.0 = Release|Win32
	EndGlobalSection
	GlobalSection(SolutionProperties) = preSolution
		HideSolutionNode = FALSE
	EndGlobalSection
	GlobalSection(ExtensibilityGlobals) = postSolution
		SolutionGuid = {C4D0F27C-8DD7-4604-B3C7-33158A79EFA7}
	EndGlobalSection
EndGlobal
